
Microsoft Visual Studio Solution File, Format Version 12.00
# Visual Studio 15
VisualStudioVersion = 15.0.27130.2024
MinimumVisualStudioVersion = 10.0.40219.1
Project("{FAE04EC0-301F-11D3-BF4B-00C04F79EFBC}") = "CleanIoc.Core", "CleanIoc.Core\CleanIoc.Core.csproj", "{10D18948-FC88-45BC-B341-0BCA313D4C8D}"
EndProject
Project("{FAE04EC0-301F-11D3-BF4B-00C04F79EFBC}") = "CleanIoc.Core.Test", "CleanIoc.Core.Test\CleanIoc.Core.Test.csproj", "{8EDF4429-251A-416D-BB68-93F227191BCF}"
EndProject
Project("{2150E333-8FDC-42A3-9474-1A3956D46DE8}") = "Sample", "Sample", "{E00359D0-A5E3-494E-9128-341AC4AF5EF7}"
EndProject
Project("{FAE04EC0-301F-11D3-BF4B-00C04F79EFBC}") = "CleanIoc.Sample.Library", "CleanIoc.Sample.Library\CleanIoc.Sample.Library.csproj", "{E78F6DA7-8159-4CAB-8904-33A5CEA59746}"
EndProject
Project("{FAE04EC0-301F-11D3-BF4B-00C04F79EFBC}") = "CleanIoc.Sample.Interfaces", "CleanIoc.Sample.Interfaces\CleanIoc.Sample.Interfaces.csproj", "{FABE9150-CCA5-4ADC-BF49-82A0038E1C90}"
EndProject
Project("{FAE04EC0-301F-11D3-BF4B-00C04F79EFBC}") = "CleanIoc.Sample.App", "CleanIoc.Sample.App\CleanIoc.Sample.App.csproj", "{12C4F7FC-80CA-4D49-AC6D-E5894133AB36}"
EndProject
Global
	GlobalSection(SolutionConfigurationPlatforms) = preSolution
		Debug|Any CPU = Debug|Any CPU
		Release|Any CPU = Release|Any CPU
	EndGlobalSection
	GlobalSection(ProjectConfigurationPlatforms) = postSolution
		{10D18948-FC88-45BC-B341-0BCA313D4C8D}.Debug|Any CPU.ActiveCfg = Debug|Any CPU
		{10D18948-FC88-45BC-B341-0BCA313D4C8D}.Debug|Any CPU.Build.0 = Debug|Any CPU
		{10D18948-FC88-45BC-B341-0BCA313D4C8D}.Release|Any CPU.ActiveCfg = Release|Any CPU
		{10D18948-FC88-45BC-B341-0BCA313D4C8D}.Release|Any CPU.Build.0 = Release|Any CPU
		{8EDF4429-251A-416D-BB68-93F227191BCF}.Debug|Any CPU.ActiveCfg = Debug|Any CPU
		{8EDF4429-251A-416D-BB68-93F227191BCF}.Debug|Any CPU.Build.0 = Debug|Any CPU
		{8EDF4429-251A-416D-BB68-93F227191BCF}.Release|Any CPU.ActiveCfg = Release|Any CPU
		{8EDF4429-251A-416D-BB68-93F227191BCF}.Release|Any CPU.Build.0 = Release|Any CPU
		{E78F6DA7-8159-4CAB-8904-33A5CEA59746}.Debug|Any CPU.ActiveCfg = Debug|Any CPU
		{E78F6DA7-8159-4CAB-8904-33A5CEA59746}.Debug|Any CPU.Build.0 = Debug|Any CPU
		{E78F6DA7-8159-4CAB-8904-33A5CEA59746}.Release|Any CPU.ActiveCfg = Release|Any CPU
		{E78F6DA7-8159-4CAB-8904-33A5CEA59746}.Release|Any CPU.Build.0 = Release|Any CPU
		{FABE9150-CCA5-4ADC-BF49-82A0038E1C90}.Debug|Any CPU.ActiveCfg = Debug|Any CPU
		{FABE9150-CCA5-4ADC-BF49-82A0038E1C90}.Debug|Any CPU.Build.0 = Debug|Any CPU
		{FABE9150-CCA5-4ADC-BF49-82A0038E1C90}.Release|Any CPU.ActiveCfg = Release|Any CPU
		{FABE9150-CCA5-4ADC-BF49-82A0038E1C90}.Release|Any CPU.Build.0 = Release|Any CPU
		{12C4F7FC-80CA-4D49-AC6D-E5894133AB36}.Debug|Any CPU.ActiveCfg = Debug|Any CPU
		{12C4F7FC-80CA-4D49-AC6D-E5894133AB36}.Debug|Any CPU.Build.0 = Debug|Any CPU
		{12C4F7FC-80CA-4D49-AC6D-E5894133AB36}.Release|Any CPU.ActiveCfg = Release|Any CPU
		{12C4F7FC-80CA-4D49-AC6D-E5894133AB36}.Release|Any CPU.Build.0 = Release|Any CPU
	EndGlobalSection
	GlobalSection(SolutionProperties) = preSolution
		HideSolutionNode = FALSE
	EndGlobalSection
	GlobalSection(NestedProjects) = preSolution
		{E78F6DA7-8159-4CAB-8904-33A5CEA59746} = {E00359D0-A5E3-494E-9128-341AC4AF5EF7}
		{FABE9150-CCA5-4ADC-BF49-82A0038E1C90} = {E00359D0-A5E3-494E-9128-341AC4AF5EF7}
		{12C4F7FC-80CA-4D49-AC6D-E5894133AB36} = {E00359D0-A5E3-494E-9128-341AC4AF5EF7}
	EndGlobalSection
	GlobalSection(ExtensibilityGlobals) = postSolution
		SolutionGuid = {142BD397-BF97-4FCF-8446-F42DEEC5E850}
	EndGlobalSection
EndGlobal
