
Microsoft Visual Studio Solution File, Format Version 12.00
# Visual Studio 15
VisualStudioVersion = 15.0.27130.2024
MinimumVisualStudioVersion = 10.0.40219.1
Project("{9A19103F-16F7-4668-BE54-9A1E7A4F7556}") = "CleanIoc.Core", "CleanIoc.Core\CleanIoc.Core.csproj", "{10D18948-FC88-45BC-B341-0BCA313D4C8D}"
EndProject
Project("{2150E333-8FDC-42A3-9474-1A3956D46DE8}") = "Sample", "Sample", "{E00359D0-A5E3-494E-9128-341AC4AF5EF7}"
EndProject
Project("{9A19103F-16F7-4668-BE54-9A1E7A4F7556}") = "CleanIoc.Test", "CleanIoc.Test\CleanIoc.Test.csproj", "{E75BDDE6-5681-46F6-A73D-27D5EC35CE65}"
EndProject
Project("{9A19103F-16F7-4668-BE54-9A1E7A4F7556}") = "CleanIoc.Sample.App", "Sample\CleanIoc.Sample.App\CleanIoc.Sample.App.csproj", "{4FD7525B-1F0D-4FD0-96A3-8CF1AA2D674D}"
EndProject
Project("{9A19103F-16F7-4668-BE54-9A1E7A4F7556}") = "CleanIoc.Sample.Interfaces", "Sample\CleanIoc.Sample.Interfaces\CleanIoc.Sample.Interfaces.csproj", "{E1A49356-2E01-441B-86D3-30AB91A9E001}"
EndProject
Project("{9A19103F-16F7-4668-BE54-9A1E7A4F7556}") = "CleanIoc.Sample.Library", "Sample\CleanIoc.Sample.Library\CleanIoc.Sample.Library.csproj", "{39981AD2-38F3-4333-BECE-B31D79AEB19E}"
EndProject
Global
	GlobalSection(SolutionConfigurationPlatforms) = preSolution
		Debug|Any CPU = Debug|Any CPU
		Release|Any CPU = Release|Any CPU
	EndGlobalSection
	GlobalSection(ProjectConfigurationPlatforms) = postSolution
		{10D18948-FC88-45BC-B341-0BCA313D4C8D}.Debug|Any CPU.ActiveCfg = Debug|Any CPU
		{10D18948-FC88-45BC-B341-0BCA313D4C8D}.Debug|Any CPU.Build.0 = Debug|Any CPU
		{10D18948-FC88-45BC-B341-0BCA313D4C8D}.Release|Any CPU.ActiveCfg = Release|Any CPU
		{10D18948-FC88-45BC-B341-0BCA313D4C8D}.Release|Any CPU.Build.0 = Release|Any CPU
		{E75BDDE6-5681-46F6-A73D-27D5EC35CE65}.Debug|Any CPU.ActiveCfg = Debug|Any CPU
		{E75BDDE6-5681-46F6-A73D-27D5EC35CE65}.Debug|Any CPU.Build.0 = Debug|Any CPU
		{E75BDDE6-5681-46F6-A73D-27D5EC35CE65}.Release|Any CPU.ActiveCfg = Release|Any CPU
		{E75BDDE6-5681-46F6-A73D-27D5EC35CE65}.Release|Any CPU.Build.0 = Release|Any CPU
		{4FD7525B-1F0D-4FD0-96A3-8CF1AA2D674D}.Debug|Any CPU.ActiveCfg = Debug|Any CPU
		{4FD7525B-1F0D-4FD0-96A3-8CF1AA2D674D}.Debug|Any CPU.Build.0 = Debug|Any CPU
		{4FD7525B-1F0D-4FD0-96A3-8CF1AA2D674D}.Release|Any CPU.ActiveCfg = Release|Any CPU
		{4FD7525B-1F0D-4FD0-96A3-8CF1AA2D674D}.Release|Any CPU.Build.0 = Release|Any CPU
		{E1A49356-2E01-441B-86D3-30AB91A9E001}.Debug|Any CPU.ActiveCfg = Debug|Any CPU
		{E1A49356-2E01-441B-86D3-30AB91A9E001}.Debug|Any CPU.Build.0 = Debug|Any CPU
		{E1A49356-2E01-441B-86D3-30AB91A9E001}.Release|Any CPU.ActiveCfg = Release|Any CPU
		{E1A49356-2E01-441B-86D3-30AB91A9E001}.Release|Any CPU.Build.0 = Release|Any CPU
		{39981AD2-38F3-4333-BECE-B31D79AEB19E}.Debug|Any CPU.ActiveCfg = Debug|Any CPU
		{39981AD2-38F3-4333-BECE-B31D79AEB19E}.Debug|Any CPU.Build.0 = Debug|Any CPU
		{39981AD2-38F3-4333-BECE-B31D79AEB19E}.Release|Any CPU.ActiveCfg = Release|Any CPU
		{39981AD2-38F3-4333-BECE-B31D79AEB19E}.Release|Any CPU.Build.0 = Release|Any CPU
	EndGlobalSection
	GlobalSection(SolutionProperties) = preSolution
		HideSolutionNode = FALSE
	EndGlobalSection
	GlobalSection(NestedProjects) = preSolution
		{4FD7525B-1F0D-4FD0-96A3-8CF1AA2D674D} = {E00359D0-A5E3-494E-9128-341AC4AF5EF7}
		{E1A49356-2E01-441B-86D3-30AB91A9E001} = {E00359D0-A5E3-494E-9128-341AC4AF5EF7}
		{39981AD2-38F3-4333-BECE-B31D79AEB19E} = {E00359D0-A5E3-494E-9128-341AC4AF5EF7}
	EndGlobalSection
	GlobalSection(ExtensibilityGlobals) = postSolution
		SolutionGuid = {142BD397-BF97-4FCF-8446-F42DEEC5E850}
	EndGlobalSection
EndGlobal
